
Microsoft Visual Studio Solution File, Format Version 12.00
# Visual Studio 15
VisualStudioVersion = 15.0.28010.2019
MinimumVisualStudioVersion = 10.0.40219.1
Project("{FAE04EC0-301F-11D3-BF4B-00C04F79EFBC}") = "ExploreUdenHTTPS", "ExploreUdenHTTPS\ExploreUdenHTTPS.csproj", "{AA499EAB-0361-40B8-97E0-7222E91EC91F}"
EndProject
Global
	GlobalSection(SolutionConfigurationPlatforms) = preSolution
		Debug|Any CPU = Debug|Any CPU
		Release|Any CPU = Release|Any CPU
	EndGlobalSection
	GlobalSection(ProjectConfigurationPlatforms) = postSolution
		{AA499EAB-0361-40B8-97E0-7222E91EC91F}.Debug|Any CPU.ActiveCfg = Debug|Any CPU
		{AA499EAB-0361-40B8-97E0-7222E91EC91F}.Debug|Any CPU.Build.0 = Debug|Any CPU
		{AA499EAB-0361-40B8-97E0-7222E91EC91F}.Release|Any CPU.ActiveCfg = Release|Any CPU
		{AA499EAB-0361-40B8-97E0-7222E91EC91F}.Release|Any CPU.Build.0 = Release|Any CPU
	EndGlobalSection
	GlobalSection(SolutionProperties) = preSolution
		HideSolutionNode = FALSE
	EndGlobalSection
	GlobalSection(ExtensibilityGlobals) = postSolution
		SolutionGuid = {B7237858-41C3-4731-B405-BB5625F3D998}
	EndGlobalSection
EndGlobal
