
Microsoft Visual Studio Solution File, Format Version 12.00
# Visual Studio 15
VisualStudioVersion = 15.0.27428.2002
MinimumVisualStudioVersion = 10.0.40219.1
Project("{FAE04EC0-301F-11D3-BF4B-00C04F79EFBC}") = "Hygge10Threads and Monitors", "Hygge10Threads and Monitors\Hygge10Threads and Monitors.csproj", "{E1D675BC-FB4F-45A9-A3BA-3F676F55D41A}"
EndProject
Global
	GlobalSection(SolutionConfigurationPlatforms) = preSolution
		Debug|Any CPU = Debug|Any CPU
		Release|Any CPU = Release|Any CPU
	EndGlobalSection
	GlobalSection(ProjectConfigurationPlatforms) = postSolution
		{E1D675BC-FB4F-45A9-A3BA-3F676F55D41A}.Debug|Any CPU.ActiveCfg = Debug|Any CPU
		{E1D675BC-FB4F-45A9-A3BA-3F676F55D41A}.Debug|Any CPU.Build.0 = Debug|Any CPU
		{E1D675BC-FB4F-45A9-A3BA-3F676F55D41A}.Release|Any CPU.ActiveCfg = Release|Any CPU
		{E1D675BC-FB4F-45A9-A3BA-3F676F55D41A}.Release|Any CPU.Build.0 = Release|Any CPU
	EndGlobalSection
	GlobalSection(SolutionProperties) = preSolution
		HideSolutionNode = FALSE
	EndGlobalSection
	GlobalSection(ExtensibilityGlobals) = postSolution
		SolutionGuid = {A36626E1-6E1E-4528-B2EA-0013E6029DAA}
	EndGlobalSection
EndGlobal
