
Microsoft Visual Studio Solution File, Format Version 12.00
# Visual Studio 15
VisualStudioVersion = 15.0.27428.2002
MinimumVisualStudioVersion = 10.0.40219.1
Project("{FAE04EC0-301F-11D3-BF4B-00C04F79EFBC}") = "HyggeTestApp", "HyggeTestApp\HyggeTestApp.csproj", "{28BB1906-8D45-4EAF-B94B-601B17318612}"
EndProject
Global
	GlobalSection(SolutionConfigurationPlatforms) = preSolution
		Debug|ARM = Debug|ARM
		Debug|x64 = Debug|x64
		Debug|x86 = Debug|x86
		Release|ARM = Release|ARM
		Release|x64 = Release|x64
		Release|x86 = Release|x86
	EndGlobalSection
	GlobalSection(ProjectConfigurationPlatforms) = postSolution
		{28BB1906-8D45-4EAF-B94B-601B17318612}.Debug|ARM.ActiveCfg = Debug|ARM
		{28BB1906-8D45-4EAF-B94B-601B17318612}.Debug|ARM.Build.0 = Debug|ARM
		{28BB1906-8D45-4EAF-B94B-601B17318612}.Debug|ARM.Deploy.0 = Debug|ARM
		{28BB1906-8D45-4EAF-B94B-601B17318612}.Debug|x64.ActiveCfg = Debug|x64
		{28BB1906-8D45-4EAF-B94B-601B17318612}.Debug|x64.Build.0 = Debug|x64
		{28BB1906-8D45-4EAF-B94B-601B17318612}.Debug|x64.Deploy.0 = Debug|x64
		{28BB1906-8D45-4EAF-B94B-601B17318612}.Debug|x86.ActiveCfg = Debug|x86
		{28BB1906-8D45-4EAF-B94B-601B17318612}.Debug|x86.Build.0 = Debug|x86
		{28BB1906-8D45-4EAF-B94B-601B17318612}.Debug|x86.Deploy.0 = Debug|x86
		{28BB1906-8D45-4EAF-B94B-601B17318612}.Release|ARM.ActiveCfg = Release|ARM
		{28BB1906-8D45-4EAF-B94B-601B17318612}.Release|ARM.Build.0 = Release|ARM
		{28BB1906-8D45-4EAF-B94B-601B17318612}.Release|ARM.Deploy.0 = Release|ARM
		{28BB1906-8D45-4EAF-B94B-601B17318612}.Release|x64.ActiveCfg = Release|x64
		{28BB1906-8D45-4EAF-B94B-601B17318612}.Release|x64.Build.0 = Release|x64
		{28BB1906-8D45-4EAF-B94B-601B17318612}.Release|x64.Deploy.0 = Release|x64
		{28BB1906-8D45-4EAF-B94B-601B17318612}.Release|x86.ActiveCfg = Release|x86
		{28BB1906-8D45-4EAF-B94B-601B17318612}.Release|x86.Build.0 = Release|x86
		{28BB1906-8D45-4EAF-B94B-601B17318612}.Release|x86.Deploy.0 = Release|x86
	EndGlobalSection
	GlobalSection(SolutionProperties) = preSolution
		HideSolutionNode = FALSE
	EndGlobalSection
	GlobalSection(ExtensibilityGlobals) = postSolution
		SolutionGuid = {23C3180A-E033-4A98-B767-B65FEE563C8D}
	EndGlobalSection
EndGlobal
