
Microsoft Visual Studio Solution File, Format Version 12.00
# Visual Studio 15
VisualStudioVersion = 15.0.27130.2027
MinimumVisualStudioVersion = 10.0.40219.1
Project("{FAE04EC0-301F-11D3-BF4B-00C04F79EFBC}") = "Sender", "Sender\Sender.csproj", "{09335F45-3CA5-4EE7-AF9B-DE0B8D88A953}"
EndProject
Global
	GlobalSection(SolutionConfigurationPlatforms) = preSolution
		Debug|Any CPU = Debug|Any CPU
		Release|Any CPU = Release|Any CPU
	EndGlobalSection
	GlobalSection(ProjectConfigurationPlatforms) = postSolution
		{09335F45-3CA5-4EE7-AF9B-DE0B8D88A953}.Debug|Any CPU.ActiveCfg = Debug|Any CPU
		{09335F45-3CA5-4EE7-AF9B-DE0B8D88A953}.Debug|Any CPU.Build.0 = Debug|Any CPU
		{09335F45-3CA5-4EE7-AF9B-DE0B8D88A953}.Release|Any CPU.ActiveCfg = Release|Any CPU
		{09335F45-3CA5-4EE7-AF9B-DE0B8D88A953}.Release|Any CPU.Build.0 = Release|Any CPU
	EndGlobalSection
	GlobalSection(SolutionProperties) = preSolution
		HideSolutionNode = FALSE
	EndGlobalSection
	GlobalSection(ExtensibilityGlobals) = postSolution
		SolutionGuid = {654ACF05-C486-4A83-BB2E-3514EC42C066}
	EndGlobalSection
EndGlobal
