
Microsoft Visual Studio Solution File, Format Version 12.00
# Visual Studio 15
VisualStudioVersion = 15.0.27428.2002
MinimumVisualStudioVersion = 10.0.40219.1
Project("{FAE04EC0-301F-11D3-BF4B-00C04F79EFBC}") = "HyggeProducer-ConsumerEX49", "HyggeProducer-ConsumerEX49.csproj", "{99A6B535-FE98-49C9-A808-4FD5A7236F43}"
EndProject
Global
	GlobalSection(SolutionConfigurationPlatforms) = preSolution
		Debug|Any CPU = Debug|Any CPU
		Release|Any CPU = Release|Any CPU
	EndGlobalSection
	GlobalSection(ProjectConfigurationPlatforms) = postSolution
		{99A6B535-FE98-49C9-A808-4FD5A7236F43}.Debug|Any CPU.ActiveCfg = Debug|Any CPU
		{99A6B535-FE98-49C9-A808-4FD5A7236F43}.Debug|Any CPU.Build.0 = Debug|Any CPU
		{99A6B535-FE98-49C9-A808-4FD5A7236F43}.Release|Any CPU.ActiveCfg = Release|Any CPU
		{99A6B535-FE98-49C9-A808-4FD5A7236F43}.Release|Any CPU.Build.0 = Release|Any CPU
	EndGlobalSection
	GlobalSection(SolutionProperties) = preSolution
		HideSolutionNode = FALSE
	EndGlobalSection
	GlobalSection(ExtensibilityGlobals) = postSolution
		SolutionGuid = {43E5E934-2650-4427-AD70-F751F692C5E6}
	EndGlobalSection
EndGlobal
